
Microsoft Visual Studio Solution File, Format Version 12.00
# Visual Studio 14
VisualStudioVersion = 14.0.23107.0
MinimumVisualStudioVersion = 10.0.40219.1
Project("{8BC9CEB8-8B4A-11D0-8D11-00A0C91BC942}") = "提速", "提速\提速.vcxproj", "{EB07C960-56EC-4F05-9213-BE9E022AF913}"
EndProject
Global
	GlobalSection(SolutionConfigurationPlatforms) = preSolution
		Debug|x64 = Debug|x64
		Debug|x86 = Debug|x86
		Release|x64 = Release|x64
		Release|x86 = Release|x86
	EndGlobalSection
	GlobalSection(ProjectConfigurationPlatforms) = postSolution
		{EB07C960-56EC-4F05-9213-BE9E022AF913}.Debug|x64.ActiveCfg = Debug|x64
		{EB07C960-56EC-4F05-9213-BE9E022AF913}.Debug|x64.Build.0 = Debug|x64
		{EB07C960-56EC-4F05-9213-BE9E022AF913}.Debug|x86.ActiveCfg = Debug|Win32
		{EB07C960-56EC-4F05-9213-BE9E022AF913}.Debug|x86.Build.0 = Debug|Win32
		{EB07C960-56EC-4F05-9213-BE9E022AF913}.Release|x64.ActiveCfg = Release|x64
		{EB07C960-56EC-4F05-9213-BE9E022AF913}.Release|x64.Build.0 = Release|x64
		{EB07C960-56EC-4F05-9213-BE9E022AF913}.Release|x86.ActiveCfg = Release|Win32
		{EB07C960-56EC-4F05-9213-BE9E022AF913}.Release|x86.Build.0 = Release|Win32
	EndGlobalSection
	GlobalSection(SolutionProperties) = preSolution
		HideSolutionNode = FALSE
	EndGlobalSection
EndGlobal
