
Microsoft Visual Studio Solution File, Format Version 12.00
# Visual Studio 15
VisualStudioVersion = 15.0.27130.2010
MinimumVisualStudioVersion = 10.0.40219.1
Project("{888888A0-9F3D-457C-B088-3A5042F75D52}") = "ShowData", "ShowData\ShowData.pyproj", "{2E45758E-EEB0-40DB-9199-5287FF95EF68}"
EndProject
Global
	GlobalSection(SolutionConfigurationPlatforms) = preSolution
		Debug|Any CPU = Debug|Any CPU
		Release|Any CPU = Release|Any CPU
	EndGlobalSection
	GlobalSection(ProjectConfigurationPlatforms) = postSolution
		{2E45758E-EEB0-40DB-9199-5287FF95EF68}.Debug|Any CPU.ActiveCfg = Debug|Any CPU
		{2E45758E-EEB0-40DB-9199-5287FF95EF68}.Release|Any CPU.ActiveCfg = Release|Any CPU
	EndGlobalSection
	GlobalSection(SolutionProperties) = preSolution
		HideSolutionNode = FALSE
	EndGlobalSection
	GlobalSection(ExtensibilityGlobals) = postSolution
		SolutionGuid = {7FA93172-C430-47AB-8019-254546089229}
	EndGlobalSection
EndGlobal
