
Microsoft Visual Studio Solution File, Format Version 12.00
# Visual Studio 15
VisualStudioVersion = 15.0.27130.2010
MinimumVisualStudioVersion = 10.0.40219.1
Project("{888888A0-9F3D-457C-B088-3A5042F75D52}") = "WebCrawler", "WebCrawler\WebCrawler.pyproj", "{AB2BFDED-CAA0-480A-A575-4588D835C341}"
EndProject
Global
	GlobalSection(SolutionConfigurationPlatforms) = preSolution
		Debug|Any CPU = Debug|Any CPU
		Release|Any CPU = Release|Any CPU
	EndGlobalSection
	GlobalSection(ProjectConfigurationPlatforms) = postSolution
		{AB2BFDED-CAA0-480A-A575-4588D835C341}.Debug|Any CPU.ActiveCfg = Debug|Any CPU
		{AB2BFDED-CAA0-480A-A575-4588D835C341}.Release|Any CPU.ActiveCfg = Release|Any CPU
	EndGlobalSection
	GlobalSection(SolutionProperties) = preSolution
		HideSolutionNode = FALSE
	EndGlobalSection
	GlobalSection(ExtensibilityGlobals) = postSolution
		SolutionGuid = {EE9A00A1-CE37-4D77-B7BD-217807B8D90D}
	EndGlobalSection
EndGlobal
